// !$*UTF8*$!
{
	archiveVersion = 1;
	classes = {
	};
	objectVersion = 56;
	objects = {

/* Begin PBXBuildFile section */
		69D9290B2B9AB52700F8AD1E /* AppDelegate.swift in Sources */ = {isa = PBXBuildFile; fileRef = 69D9290A2B9AB52700F8AD1E /* AppDelegate.swift */; };
		69D9290D2B9AB52700F8AD1E /* SceneDelegate.swift in Sources */ = {isa = PBXBuildFile; fileRef = 69D9290C2B9AB52700F8AD1E /* SceneDelegate.swift */; };
		69D9290F2B9AB52700F8AD1E /* ViewController.swift in Sources */ = {isa = PBXBuildFile; fileRef = 69D9290E2B9AB52700F8AD1E /* ViewController.swift */; };
		69D929142B9AB52900F8AD1E /* Assets.xcassets in Resources */ = {isa = PBXBuildFile; fileRef = 69D929132B9AB52900F8AD1E /* Assets.xcassets */; };
		69D929172B9AB52900F8AD1E /* LaunchScreen.storyboard in Resources */ = {isa = PBXBuildFile; fileRef = 69D929152B9AB52900F8AD1E /* LaunchScreen.storyboard */; };
		69D929202B9AB7BF00F8AD1E /* GoogleService-Info.plist in Resources */ = {isa = PBXBuildFile; fileRef = 69D9291F2B9AB7BF00F8AD1E /* GoogleService-Info.plist */; };
		E4AFB0104C1A44F03F78CC9E /* Pods_Case4_MobileAppPushNotif.framework in Frameworks */ = {isa = PBXBuildFile; fileRef = 8B4436B2287D806AB8DDA358 /* Pods_Case4_MobileAppPushNotif.framework */; };
/* End PBXBuildFile section */

/* Begin PBXFileReference section */
		4ED744296A47ADA149A3A1B0 /* Pods-Case4-MobileAppPushNotif.debug.xcconfig */ = {isa = PBXFileReference; includeInIndex = 1; lastKnownFileType = text.xcconfig; name = "Pods-Case4-MobileAppPushNotif.debug.xcconfig"; path = "Target Support Files/Pods-Case4-MobileAppPushNotif/Pods-Case4-MobileAppPushNotif.debug.xcconfig"; sourceTree = "<group>"; };
		69D929072B9AB52700F8AD1E /* Case4-MobileAppPushNotif.app */ = {isa = PBXFileReference; explicitFileType = wrapper.application; includeInIndex = 0; path = "Case4-MobileAppPushNotif.app"; sourceTree = BUILT_PRODUCTS_DIR; };
		69D9290A2B9AB52700F8AD1E /* AppDelegate.swift */ = {isa = PBXFileReference; lastKnownFileType = sourcecode.swift; path = AppDelegate.swift; sourceTree = "<group>"; };
		69D9290C2B9AB52700F8AD1E /* SceneDelegate.swift */ = {isa = PBXFileReference; lastKnownFileType = sourcecode.swift; path = SceneDelegate.swift; sourceTree = "<group>"; };
		69D9290E2B9AB52700F8AD1E /* ViewController.swift */ = {isa = PBXFileReference; lastKnownFileType = sourcecode.swift; path = ViewController.swift; sourceTree = "<group>"; };
		69D929132B9AB52900F8AD1E /* Assets.xcassets */ = {isa = PBXFileReference; lastKnownFileType = folder.assetcatalog; path = Assets.xcassets; sourceTree = "<group>"; };
		69D929162B9AB52900F8AD1E /* Base */ = {isa = PBXFileReference; lastKnownFileType = file.storyboard; name = Base; path = Base.lproj/LaunchScreen.storyboard; sourceTree = "<group>"; };
		69D929182B9AB52900F8AD1E /* Info.plist */ = {isa = PBXFileReference; lastKnownFileType = text.plist.xml; path = Info.plist; sourceTree = "<group>"; };
		69D9291E2B9AB6A500F8AD1E /* Case4-MobileAppPushNotif.entitlements */ = {isa = PBXFileReference; lastKnownFileType = text.plist.entitlements; path = "Case4-MobileAppPushNotif.entitlements"; sourceTree = "<group>"; };
		69D9291F2B9AB7BF00F8AD1E /* GoogleService-Info.plist */ = {isa = PBXFileReference; fileEncoding = 4; lastKnownFileType = text.plist.xml; path = "GoogleService-Info.plist"; sourceTree = "<group>"; };
		8B4436B2287D806AB8DDA358 /* Pods_Case4_MobileAppPushNotif.framework */ = {isa = PBXFileReference; explicitFileType = wrapper.framework; includeInIndex = 0; path = Pods_Case4_MobileAppPushNotif.framework; sourceTree = BUILT_PRODUCTS_DIR; };
		BC2563C3799A852D7FEF8CD2 /* Pods-Case4-MobileAppPushNotif.release.xcconfig */ = {isa = PBXFileReference; includeInIndex = 1; lastKnownFileType = text.xcconfig; name = "Pods-Case4-MobileAppPushNotif.release.xcconfig"; path = "Target Support Files/Pods-Case4-MobileAppPushNotif/Pods-Case4-MobileAppPushNotif.release.xcconfig"; sourceTree = "<group>"; };
/* End PBXFileReference section */

/* Begin PBXFrameworksBuildPhase section */
		69D929042B9AB52700F8AD1E /* Frameworks */ = {
			isa = PBXFrameworksBuildPhase;
			buildActionMask = 2147483647;
			files = (
				E4AFB0104C1A44F03F78CC9E /* Pods_Case4_MobileAppPushNotif.framework in Frameworks */,
			);
			runOnlyForDeploymentPostprocessing = 0;
		};
/* End PBXFrameworksBuildPhase section */

/* Begin PBXGroup section */
		0A5A0DE9EF4CD421123FAD9A /* Frameworks */ = {
			isa = PBXGroup;
			children = (
				8B4436B2287D806AB8DDA358 /* Pods_Case4_MobileAppPushNotif.framework */,
			);
			name = Frameworks;
			sourceTree = "<group>";
		};
		69D928FE2B9AB52600F8AD1E = {
			isa = PBXGroup;
			children = (
				69D929092B9AB52700F8AD1E /* Case4-MobileAppPushNotif */,
				69D929082B9AB52700F8AD1E /* Products */,
				7498C2A01FCFB6F9196A8810 /* Pods */,
				0A5A0DE9EF4CD421123FAD9A /* Frameworks */,
			);
			sourceTree = "<group>";
		};
		69D929082B9AB52700F8AD1E /* Products */ = {
			isa = PBXGroup;
			children = (
				69D929072B9AB52700F8AD1E /* Case4-MobileAppPushNotif.app */,
			);
			name = Products;
			sourceTree = "<group>";
		};
		69D929092B9AB52700F8AD1E /* Case4-MobileAppPushNotif */ = {
			isa = PBXGroup;
			children = (
				69D9291E2B9AB6A500F8AD1E /* Case4-MobileAppPushNotif.entitlements */,
				69D9290A2B9AB52700F8AD1E /* AppDelegate.swift */,
				69D9291F2B9AB7BF00F8AD1E /* GoogleService-Info.plist */,
				69D9290C2B9AB52700F8AD1E /* SceneDelegate.swift */,
				69D9290E2B9AB52700F8AD1E /* ViewController.swift */,
				69D929132B9AB52900F8AD1E /* Assets.xcassets */,
				69D929152B9AB52900F8AD1E /* LaunchScreen.storyboard */,
				69D929182B9AB52900F8AD1E /* Info.plist */,
			);
			path = "Case4-MobileAppPushNotif";
			sourceTree = "<group>";
		};
		7498C2A01FCFB6F9196A8810 /* Pods */ = {
			isa = PBXGroup;
			children = (
				4ED744296A47ADA149A3A1B0 /* Pods-Case4-MobileAppPushNotif.debug.xcconfig */,
				BC2563C3799A852D7FEF8CD2 /* Pods-Case4-MobileAppPushNotif.release.xcconfig */,
			);
			path = Pods;
			sourceTree = "<group>";
		};
/* End PBXGroup section */

/* Begin PBXNativeTarget section */
		69D929062B9AB52700F8AD1E /* Case4-MobileAppPushNotif */ = {
			isa = PBXNativeTarget;
			buildConfigurationList = 69D9291B2B9AB52900F8AD1E /* Build configuration list for PBXNativeTarget "Case4-MobileAppPushNotif" */;
			buildPhases = (
				BF2D21D32F812CAD804FA14B /* [CP] Check Pods Manifest.lock */,
				69D929032B9AB52700F8AD1E /* Sources */,
				69D929042B9AB52700F8AD1E /* Frameworks */,
				69D929052B9AB52700F8AD1E /* Resources */,
				0E9FDA6B61913D844C4C1EA1 /* [CP] Embed Pods Frameworks */,
			);
			buildRules = (
			);
			dependencies = (
			);
			name = "Case4-MobileAppPushNotif";
			productName = "Case4-MobileAppPushNotif";
			productReference = 69D929072B9AB52700F8AD1E /* Case4-MobileAppPushNotif.app */;
			productType = "com.apple.product-type.application";
		};
/* End PBXNativeTarget section */

/* Begin PBXProject section */
		69D928FF2B9AB52600F8AD1E /* Project object */ = {
			isa = PBXProject;
			attributes = {
				BuildIndependentTargetsInParallel = 1;
				LastSwiftUpdateCheck = 1520;
				LastUpgradeCheck = 1520;
				TargetAttributes = {
					69D929062B9AB52700F8AD1E = {
						CreatedOnToolsVersion = 15.2;
					};
				};
			};
			buildConfigurationList = 69D929022B9AB52600F8AD1E /* Build configuration list for PBXProject "Case4-MobileAppPushNotif" */;
			compatibilityVersion = "Xcode 14.0";
			developmentRegion = en;
			hasScannedForEncodings = 0;
			knownRegions = (
				en,
				Base,
			);
			mainGroup = 69D928FE2B9AB52600F8AD1E;
			productRefGroup = 69D929082B9AB52700F8AD1E /* Products */;
			projectDirPath = "";
			projectRoot = "";
			targets = (
				69D929062B9AB52700F8AD1E /* Case4-MobileAppPushNotif */,
			);
		};
/* End PBXProject section */

/* Begin PBXResourcesBuildPhase section */
		69D929052B9AB52700F8AD1E /* Resources */ = {
			isa = PBXResourcesBuildPhase;
			buildActionMask = 2147483647;
			files = (
				69D929172B9AB52900F8AD1E /* LaunchScreen.storyboard in Resources */,
				69D929142B9AB52900F8AD1E /* Assets.xcassets in Resources */,
				69D929202B9AB7BF00F8AD1E /* GoogleService-Info.plist in Resources */,
			);
			runOnlyForDeploymentPostprocessing = 0;
		};
/* End PBXResourcesBuildPhase section */

/* Begin PBXShellScriptBuildPhase section */
		0E9FDA6B61913D844C4C1EA1 /* [CP] Embed Pods Frameworks */ = {
			isa = PBXShellScriptBuildPhase;
			buildActionMask = 2147483647;
			files = (
			);
			inputFileListPaths = (
				"${PODS_ROOT}/Target Support Files/Pods-Case4-MobileAppPushNotif/Pods-Case4-MobileAppPushNotif-frameworks-${CONFIGURATION}-input-files.xcfilelist",
			);
			name = "[CP] Embed Pods Frameworks";
			outputFileListPaths = (
				"${PODS_ROOT}/Target Support Files/Pods-Case4-MobileAppPushNotif/Pods-Case4-MobileAppPushNotif-frameworks-${CONFIGURATION}-output-files.xcfilelist",
			);
			runOnlyForDeploymentPostprocessing = 0;
			shellPath = /bin/sh;
			shellScript = "\"${PODS_ROOT}/Target Support Files/Pods-Case4-MobileAppPushNotif/Pods-Case4-MobileAppPushNotif-frameworks.sh\"\n";
			showEnvVarsInLog = 0;
		};
		BF2D21D32F812CAD804FA14B /* [CP] Check Pods Manifest.lock */ = {
			isa = PBXShellScriptBuildPhase;
			buildActionMask = 2147483647;
			files = (
			);
			inputFileListPaths = (
			);
			inputPaths = (
				"${PODS_PODFILE_DIR_PATH}/Podfile.lock",
				"${PODS_ROOT}/Manifest.lock",
			);
			name = "[CP] Check Pods Manifest.lock";
			outputFileListPaths = (
			);
			outputPaths = (
				"$(DERIVED_FILE_DIR)/Pods-Case4-MobileAppPushNotif-checkManifestLockResult.txt",
			);
			runOnlyForDeploymentPostprocessing = 0;
			shellPath = /bin/sh;
			shellScript = "diff \"${PODS_PODFILE_DIR_PATH}/Podfile.lock\" \"${PODS_ROOT}/Manifest.lock\" > /dev/null\nif [ $? != 0 ] ; then\n    # print error to STDERR\n    echo \"error: The sandbox is not in sync with the Podfile.lock. Run 'pod install' or update your CocoaPods installation.\" >&2\n    exit 1\nfi\n# This output is used by Xcode 'outputs' to avoid re-running this script phase.\necho \"SUCCESS\" > \"${SCRIPT_OUTPUT_FILE_0}\"\n";
			showEnvVarsInLog = 0;
		};
/* End PBXShellScriptBuildPhase section */

/* Begin PBXSourcesBuildPhase section */
		69D929032B9AB52700F8AD1E /* Sources */ = {
			isa = PBXSourcesBuildPhase;
			buildActionMask = 2147483647;
			files = (
				69D9290F2B9AB52700F8AD1E /* ViewController.swift in Sources */,
				69D9290B2B9AB52700F8AD1E /* AppDelegate.swift in Sources */,
				69D9290D2B9AB52700F8AD1E /* SceneDelegate.swift in Sources */,
			);
			runOnlyForDeploymentPostprocessing = 0;
		};
/* End PBXSourcesBuildPhase section */

/* Begin PBXVariantGroup section */
		69D929152B9AB52900F8AD1E /* LaunchScreen.storyboard */ = {
			isa = PBXVariantGroup;
			children = (
				69D929162B9AB52900F8AD1E /* Base */,
			);
			name = LaunchScreen.storyboard;
			sourceTree = "<group>";
		};
/* End PBXVariantGroup section */

/* Begin XCBuildConfiguration section */
		69D929192B9AB52900F8AD1E /* Debug */ = {
			isa = XCBuildConfiguration;
			buildSettings = {
				ALWAYS_SEARCH_USER_PATHS = NO;
				ASSETCATALOG_COMPILER_GENERATE_SWIFT_ASSET_SYMBOL_EXTENSIONS = YES;
				CLANG_ANALYZER_NONNULL = YES;
				CLANG_ANALYZER_NUMBER_OBJECT_CONVERSION = YES_AGGRESSIVE;
				CLANG_CXX_LANGUAGE_STANDARD = "gnu++20";
				CLANG_ENABLE_MODULES = YES;
				CLANG_ENABLE_OBJC_ARC = YES;
				CLANG_ENABLE_OBJC_WEAK = YES;
				CLANG_WARN_BLOCK_CAPTURE_AUTORELEASING = YES;
				CLANG_WARN_BOOL_CONVERSION = YES;
				CLANG_WARN_COMMA = YES;
				CLANG_WARN_CONSTANT_CONVERSION = YES;
				CLANG_WARN_DEPRECATED_OBJC_IMPLEMENTATIONS = YES;
				CLANG_WARN_DIRECT_OBJC_ISA_USAGE = YES_ERROR;
				CLANG_WARN_DOCUMENTATION_COMMENTS = YES;
				CLANG_WARN_EMPTY_BODY = YES;
				CLANG_WARN_ENUM_CONVERSION = YES;
				CLANG_WARN_INFINITE_RECURSION = YES;
				CLANG_WARN_INT_CONVERSION = YES;
				CLANG_WARN_NON_LITERAL_NULL_CONVERSION = YES;
				CLANG_WARN_OBJC_IMPLICIT_RETAIN_SELF = YES;
				CLANG_WARN_OBJC_LITERAL_CONVERSION = YES;
				CLANG_WARN_OBJC_ROOT_CLASS = YES_ERROR;
				CLANG_WARN_QUOTED_INCLUDE_IN_FRAMEWORK_HEADER = YES;
				CLANG_WARN_RANGE_LOOP_ANALYSIS = YES;
				CLANG_WARN_STRICT_PROTOTYPES = YES;
				CLANG_WARN_SUSPICIOUS_MOVE = YES;
				CLANG_WARN_UNGUARDED_AVAILABILITY = YES_AGGRESSIVE;
				CLANG_WARN_UNREACHABLE_CODE = YES;
				CLANG_WARN__DUPLICATE_METHOD_MATCH = YES;
				COPY_PHASE_STRIP = NO;
				DEBUG_INFORMATION_FORMAT = dwarf;
				ENABLE_STRICT_OBJC_MSGSEND = YES;
				ENABLE_TESTABILITY = YES;
				ENABLE_USER_SCRIPT_SANDBOXING = YES;
				GCC_C_LANGUAGE_STANDARD = gnu17;
				GCC_DYNAMIC_NO_PIC = NO;
				GCC_NO_COMMON_BLOCKS = YES;
				GCC_OPTIMIZATION_LEVEL = 0;
				GCC_PREPROCESSOR_DEFINITIONS = (
					"DEBUG=1",
					"$(inherited)",
				);
				GCC_WARN_64_TO_32_BIT_CONVERSION = YES;
				GCC_WARN_ABOUT_RETURN_TYPE = YES_ERROR;
				GCC_WARN_UNDECLARED_SELECTOR = YES;
				GCC_WARN_UNINITIALIZED_AUTOS = YES_AGGRESSIVE;
				GCC_WARN_UNUSED_FUNCTION = YES;
				GCC_WARN_UNUSED_VARIABLE = YES;
				IPHONEOS_DEPLOYMENT_TARGET = 17.2;
				LOCALIZATION_PREFERS_STRING_CATALOGS = YES;
				MTL_ENABLE_DEBUG_INFO = INCLUDE_SOURCE;
				MTL_FAST_MATH = YES;
				ONLY_ACTIVE_ARCH = YES;
				SDKROOT = iphoneos;
				SWIFT_ACTIVE_COMPILATION_CONDITIONS = "DEBUG $(inherited)";
				SWIFT_OPTIMIZATION_LEVEL = "-Onone";
			};
			name = Debug;
		};
		69D9291A2B9AB52900F8AD1E /* Release */ = {
			isa = XCBuildConfiguration;
			buildSettings = {
				ALWAYS_SEARCH_USER_PATHS = NO;
				ASSETCATALOG_COMPILER_GENERATE_SWIFT_ASSET_SYMBOL_EXTENSIONS = YES;
				CLANG_ANALYZER_NONNULL = YES;
				CLANG_ANALYZER_NUMBER_OBJECT_CONVERSION = YES_AGGRESSIVE;
				CLANG_CXX_LANGUAGE_STANDARD = "gnu++20";
				CLANG_ENABLE_MODULES = YES;
				CLANG_ENABLE_OBJC_ARC = YES;
				CLANG_ENABLE_OBJC_WEAK = YES;
				CLANG_WARN_BLOCK_CAPTURE_AUTORELEASING = YES;
				CLANG_WARN_BOOL_CONVERSION = YES;
				CLANG_WARN_COMMA = YES;
				CLANG_WARN_CONSTANT_CONVERSION = YES;
				CLANG_WARN_DEPRECATED_OBJC_IMPLEMENTATIONS = YES;
				CLANG_WARN_DIRECT_OBJC_ISA_USAGE = YES_ERROR;
				CLANG_WARN_DOCUMENTATION_COMMENTS = YES;
				CLANG_WARN_EMPTY_BODY = YES;
				CLANG_WARN_ENUM_CONVERSION = YES;
				CLANG_WARN_INFINITE_RECURSION = YES;
				CLANG_WARN_INT_CONVERSION = YES;
				CLANG_WARN_NON_LITERAL_NULL_CONVERSION = YES;
				CLANG_WARN_OBJC_IMPLICIT_RETAIN_SELF = YES;
				CLANG_WARN_OBJC_LITERAL_CONVERSION = YES;
				CLANG_WARN_OBJC_ROOT_CLASS = YES_ERROR;
				CLANG_WARN_QUOTED_INCLUDE_IN_FRAMEWORK_HEADER = YES;
				CLANG_WARN_RANGE_LOOP_ANALYSIS = YES;
				CLANG_WARN_STRICT_PROTOTYPES = YES;
				CLANG_WARN_SUSPICIOUS_MOVE = YES;
				CLANG_WARN_UNGUARDED_AVAILABILITY = YES_AGGRESSIVE;
				CLANG_WARN_UNREACHABLE_CODE = YES;
				CLANG_WARN__DUPLICATE_METHOD_MATCH = YES;
				COPY_PHASE_STRIP = NO;
				DEBUG_INFORMATION_FORMAT = "dwarf-with-dsym";
				ENABLE_NS_ASSERTIONS = NO;
				ENABLE_STRICT_OBJC_MSGSEND = YES;
				ENABLE_USER_SCRIPT_SANDBOXING = YES;
				GCC_C_LANGUAGE_STANDARD = gnu17;
				GCC_NO_COMMON_BLOCKS = YES;
				GCC_WARN_64_TO_32_BIT_CONVERSION = YES;
				GCC_WARN_ABOUT_RETURN_TYPE = YES_ERROR;
				GCC_WARN_UNDECLARED_SELECTOR = YES;
				GCC_WARN_UNINITIALIZED_AUTOS = YES_AGGRESSIVE;
				GCC_WARN_UNUSED_FUNCTION = YES;
				GCC_WARN_UNUSED_VARIABLE = YES;
				IPHONEOS_DEPLOYMENT_TARGET = 17.2;
				LOCALIZATION_PREFERS_STRING_CATALOGS = YES;
				MTL_ENABLE_DEBUG_INFO = NO;
				MTL_FAST_MATH = YES;
				SDKROOT = iphoneos;
				SWIFT_COMPILATION_MODE = wholemodule;
				VALIDATE_PRODUCT = YES;
			};
			name = Release;
		};
		69D9291C2B9AB52900F8AD1E /* Debug */ = {
			isa = XCBuildConfiguration;
			baseConfigurationReference = 4ED744296A47ADA149A3A1B0 /* Pods-Case4-MobileAppPushNotif.debug.xcconfig */;
			buildSettings = {
				ASSETCATALOG_COMPILER_APPICON_NAME = AppIcon;
				ASSETCATALOG_COMPILER_GLOBAL_ACCENT_COLOR_NAME = AccentColor;
				CODE_SIGN_ENTITLEMENTS = "Case4-MobileAppPushNotif/Case4-MobileAppPushNotif.entitlements";
				CODE_SIGN_STYLE = Automatic;
				CURRENT_PROJECT_VERSION = 1;
				DEVELOPMENT_TEAM = B3WXM85Q9P;
				ENABLE_USER_SCRIPT_SANDBOXING = NO;
				GENERATE_INFOPLIST_FILE = YES;
				INFOPLIST_FILE = "Case4-MobileAppPushNotif/Info.plist";
				INFOPLIST_KEY_UIApplicationSupportsIndirectInputEvents = YES;
				INFOPLIST_KEY_UILaunchStoryboardName = LaunchScreen;
				INFOPLIST_KEY_UIMainStoryboardFile = "";
				INFOPLIST_KEY_UISupportedInterfaceOrientations_iPad = "UIInterfaceOrientationPortrait UIInterfaceOrientationPortraitUpsideDown UIInterfaceOrientationLandscapeLeft UIInterfaceOrientationLandscapeRight";
				INFOPLIST_KEY_UISupportedInterfaceOrientations_iPhone = "UIInterfaceOrientationPortrait UIInterfaceOrientationLandscapeLeft UIInterfaceOrientationLandscapeRight";
				LD_RUNPATH_SEARCH_PATHS = (
					"$(inherited)",
					"@executable_path/Frameworks",
				);
				MARKETING_VERSION = 1.0;
				PRODUCT_BUNDLE_IDENTIFIER = "syulhan.learning.Case4-MobileAppPushNotif";
				PRODUCT_NAME = "$(TARGET_NAME)";
				SWIFT_EMIT_LOC_STRINGS = YES;
				SWIFT_VERSION = 5.0;
				TARGETED_DEVICE_FAMILY = "1,2";
			};
			name = Debug;
		};
		69D9291D2B9AB52900F8AD1E /* Release */ = {
			isa = XCBuildConfiguration;
			baseConfigurationReference = BC2563C3799A852D7FEF8CD2 /* Pods-Case4-MobileAppPushNotif.release.xcconfig */;
			buildSettings = {
				ASSETCATALOG_COMPILER_APPICON_NAME = AppIcon;
				ASSETCATALOG_COMPILER_GLOBAL_ACCENT_COLOR_NAME = AccentColor;
				CODE_SIGN_ENTITLEMENTS = "Case4-MobileAppPushNotif/Case4-MobileAppPushNotif.entitlements";
				CODE_SIGN_STYLE = Automatic;
				CURRENT_PROJECT_VERSION = 1;
				DEVELOPMENT_TEAM = B3WXM85Q9P;
				ENABLE_USER_SCRIPT_SANDBOXING = NO;
				GENERATE_INFOPLIST_FILE = YES;
				INFOPLIST_FILE = "Case4-MobileAppPushNotif/Info.plist";
				INFOPLIST_KEY_UIApplicationSupportsIndirectInputEvents = YES;
				INFOPLIST_KEY_UILaunchStoryboardName = LaunchScreen;
				INFOPLIST_KEY_UIMainStoryboardFile = "";
				INFOPLIST_KEY_UISupportedInterfaceOrientations_iPad = "UIInterfaceOrientationPortrait UIInterfaceOrientationPortraitUpsideDown UIInterfaceOrientationLandscapeLeft UIInterfaceOrientationLandscapeRight";
				INFOPLIST_KEY_UISupportedInterfaceOrientations_iPhone = "UIInterfaceOrientationPortrait UIInterfaceOrientationLandscapeLeft UIInterfaceOrientationLandscapeRight";
				LD_RUNPATH_SEARCH_PATHS = (
					"$(inherited)",
					"@executable_path/Frameworks",
				);
				MARKETING_VERSION = 1.0;
				PRODUCT_BUNDLE_IDENTIFIER = "syulhan.learning.Case4-MobileAppPushNotif";
				PRODUCT_NAME = "$(TARGET_NAME)";
				SWIFT_EMIT_LOC_STRINGS = YES;
				SWIFT_VERSION = 5.0;
				TARGETED_DEVICE_FAMILY = "1,2";
			};
			name = Release;
		};
/* End XCBuildConfiguration section */

/* Begin XCConfigurationList section */
		69D929022B9AB52600F8AD1E /* Build configuration list for PBXProject "Case4-MobileAppPushNotif" */ = {
			isa = XCConfigurationList;
			buildConfigurations = (
				69D929192B9AB52900F8AD1E /* Debug */,
				69D9291A2B9AB52900F8AD1E /* Release */,
			);
			defaultConfigurationIsVisible = 0;
			defaultConfigurationName = Release;
		};
		69D9291B2B9AB52900F8AD1E /* Build configuration list for PBXNativeTarget "Case4-MobileAppPushNotif" */ = {
			isa = XCConfigurationList;
			buildConfigurations = (
				69D9291C2B9AB52900F8AD1E /* Debug */,
				69D9291D2B9AB52900F8AD1E /* Release */,
			);
			defaultConfigurationIsVisible = 0;
			defaultConfigurationName = Release;
		};
/* End XCConfigurationList section */
	};
	rootObject = 69D928FF2B9AB52600F8AD1E /* Project object */;
}
